
Microsoft Visual Studio Solution File, Format Version 12.00
# Visual Studio Version 17
VisualStudioVersion = 17.0.31903.59
MinimumVisualStudioVersion = 10.0.40219.1
Project("{2150E333-8FDC-42A3-9474-1A3956D46DE8}") = "Core", "Core", "{FBF56CC3-7AE6-AD2D-3F14-7F97FD322CD6}"
EndProject
Project("{2150E333-8FDC-42A3-9474-1A3956D46DE8}") = "Infrastructure", "Infrastructure", "{DFEE68D8-A7D0-1A41-506C-9B74AA9A7B7B}"
EndProject
Project("{2150E333-8FDC-42A3-9474-1A3956D46DE8}") = "Presentation", "Presentation", "{06CFFD70-14AA-A959-A3BA-1B15D094E3B1}"
EndProject
Project("{FAE04EC0-301F-11D3-BF4B-00C04F79EFBC}") = "RepositoryAnalyzer.API", "RepositoryAnalyzer.API\RepositoryAnalyzer.API\RepositoryAnalyzer.API.csproj", "{180EAA76-E419-4E79-AC3B-66544458B093}"
EndProject
Project("{FAE04EC0-301F-11D3-BF4B-00C04F79EFBC}") = "RepositoryAnalyzer.Domain", "RepositoryAnalyzer.Domain\RepositoryAnalyzer.Domain.csproj", "{EF224198-7C66-4152-95EC-0D819A14C9EF}"
EndProject
Project("{FAE04EC0-301F-11D3-BF4B-00C04F79EFBC}") = "RepositoryAnalyzer.Application", "RepositoryAnalyzer.Application\RepositoryAnalyzer.Application.csproj", "{82762396-940F-4B02-8C93-B84C32630F54}"
EndProject
Project("{FAE04EC0-301F-11D3-BF4B-00C04F79EFBC}") = "RepositoryAnalyzer.Infrastructure", "RepositoryAnalyzer.Infrastructure\RepositoryAnalyzer.Infrastructure.csproj", "{E99DA691-BC75-41CD-A88A-B014D14A45FC}"
EndProject
Project("{2150E333-8FDC-42A3-9474-1A3956D46DE8}") = "Test", "Test", "{0C88DD14-F956-CE84-757C-A364CCF449FC}"
EndProject
Project("{FAE04EC0-301F-11D3-BF4B-00C04F79EFBC}") = "RepositoryAnalyzer.Test", "Test\RepositoryAnalyzer.Test\RepositoryAnalyzer.Test.csproj", "{5E71E54B-5041-4782-A05F-733BC27B2FBA}"
EndProject
Global
	GlobalSection(SolutionConfigurationPlatforms) = preSolution
		Debug|Any CPU = Debug|Any CPU
		Release|Any CPU = Release|Any CPU
	EndGlobalSection
	GlobalSection(ProjectConfigurationPlatforms) = postSolution
		{180EAA76-E419-4E79-AC3B-66544458B093}.Debug|Any CPU.ActiveCfg = Debug|Any CPU
		{180EAA76-E419-4E79-AC3B-66544458B093}.Debug|Any CPU.Build.0 = Debug|Any CPU
		{180EAA76-E419-4E79-AC3B-66544458B093}.Release|Any CPU.ActiveCfg = Release|Any CPU
		{180EAA76-E419-4E79-AC3B-66544458B093}.Release|Any CPU.Build.0 = Release|Any CPU
		{EF224198-7C66-4152-95EC-0D819A14C9EF}.Debug|Any CPU.ActiveCfg = Debug|Any CPU
		{EF224198-7C66-4152-95EC-0D819A14C9EF}.Debug|Any CPU.Build.0 = Debug|Any CPU
		{EF224198-7C66-4152-95EC-0D819A14C9EF}.Release|Any CPU.ActiveCfg = Release|Any CPU
		{EF224198-7C66-4152-95EC-0D819A14C9EF}.Release|Any CPU.Build.0 = Release|Any CPU
		{82762396-940F-4B02-8C93-B84C32630F54}.Debug|Any CPU.ActiveCfg = Debug|Any CPU
		{82762396-940F-4B02-8C93-B84C32630F54}.Debug|Any CPU.Build.0 = Debug|Any CPU
		{82762396-940F-4B02-8C93-B84C32630F54}.Release|Any CPU.ActiveCfg = Release|Any CPU
		{82762396-940F-4B02-8C93-B84C32630F54}.Release|Any CPU.Build.0 = Release|Any CPU
		{E99DA691-BC75-41CD-A88A-B014D14A45FC}.Debug|Any CPU.ActiveCfg = Debug|Any CPU
		{E99DA691-BC75-41CD-A88A-B014D14A45FC}.Debug|Any CPU.Build.0 = Debug|Any CPU
		{E99DA691-BC75-41CD-A88A-B014D14A45FC}.Release|Any CPU.ActiveCfg = Release|Any CPU
		{E99DA691-BC75-41CD-A88A-B014D14A45FC}.Release|Any CPU.Build.0 = Release|Any CPU
		{5E71E54B-5041-4782-A05F-733BC27B2FBA}.Debug|Any CPU.ActiveCfg = Debug|Any CPU
		{5E71E54B-5041-4782-A05F-733BC27B2FBA}.Debug|Any CPU.Build.0 = Debug|Any CPU
		{5E71E54B-5041-4782-A05F-733BC27B2FBA}.Release|Any CPU.ActiveCfg = Release|Any CPU
		{5E71E54B-5041-4782-A05F-733BC27B2FBA}.Release|Any CPU.Build.0 = Release|Any CPU
	EndGlobalSection
	GlobalSection(SolutionProperties) = preSolution
		HideSolutionNode = FALSE
	EndGlobalSection
	GlobalSection(NestedProjects) = preSolution
		{180EAA76-E419-4E79-AC3B-66544458B093} = {06CFFD70-14AA-A959-A3BA-1B15D094E3B1}
		{EF224198-7C66-4152-95EC-0D819A14C9EF} = {FBF56CC3-7AE6-AD2D-3F14-7F97FD322CD6}
		{82762396-940F-4B02-8C93-B84C32630F54} = {FBF56CC3-7AE6-AD2D-3F14-7F97FD322CD6}
		{E99DA691-BC75-41CD-A88A-B014D14A45FC} = {DFEE68D8-A7D0-1A41-506C-9B74AA9A7B7B}
		{5E71E54B-5041-4782-A05F-733BC27B2FBA} = {0C88DD14-F956-CE84-757C-A364CCF449FC}
	EndGlobalSection
EndGlobal
